Microsoft Visual Studio Solution File, Format Version 12.00
# Visual Studio Version 17
VisualStudioVersion = 17.5.2.0
MinimumVisualStudioVersion = 10.0.40219.1
Project("{FAE04EC0-301F-11D3-BF4B-00C04F79EFBC}") = "HanyaKnow.Api", "backend\HanyaKnow.Api.csproj", "{CC4791E2-E9D4-9610-6D39-802B3AC67566}"
EndProject
Project("{FAE04EC0-301F-11D3-BF4B-00C04F79EFBC}") = "backend.Tests", "backend.Tests\backend.Tests.csproj", "{11F80D80-024F-4CC1-96D6-F87B1004B4FF}"
EndProject
Global
	GlobalSection(SolutionConfigurationPlatforms) = preSolution
		Debug|Any CPU = Debug|Any CPU
		Release|Any CPU = Release|Any CPU
	EndGlobalSection
	GlobalSection(ProjectConfigurationPlatforms) = postSolution
		{CC4791E2-E9D4-9610-6D39-802B3AC67566}.Debug|Any CPU.ActiveCfg = Debug|Any CPU
		{CC4791E2-E9D4-9610-6D39-802B3AC67566}.Debug|Any CPU.Build.0 = Debug|Any CPU
                {CC4791E2-E9D4-9610-6D39-802B3AC67566}.Release|Any CPU.ActiveCfg = Release|Any CPU
                {CC4791E2-E9D4-9610-6D39-802B3AC67566}.Release|Any CPU.Build.0 = Release|Any CPU
                {11F80D80-024F-4CC1-96D6-F87B1004B4FF}.Debug|Any CPU.ActiveCfg = Debug|Any CPU
                {11F80D80-024F-4CC1-96D6-F87B1004B4FF}.Debug|Any CPU.Build.0 = Debug|Any CPU
                {11F80D80-024F-4CC1-96D6-F87B1004B4FF}.Release|Any CPU.ActiveCfg = Release|Any CPU
                {11F80D80-024F-4CC1-96D6-F87B1004B4FF}.Release|Any CPU.Build.0 = Release|Any CPU
	EndGlobalSection
	GlobalSection(SolutionProperties) = preSolution
		HideSolutionNode = FALSE
	EndGlobalSection
	GlobalSection(ExtensibilityGlobals) = postSolution
		SolutionGuid = {182679A7-7F5B-436B-8EF6-A6DF0F8DFAD9}
	EndGlobalSection
EndGlobal
